
Microsoft Visual Studio Solution File, Format Version 12.00
# Visual Studio Version 17
VisualStudioVersion = 17.0.32112.339
MinimumVisualStudioVersion = 10.0.40219.1
Project("{9A19103F-16F7-4668-BE54-9A1E7A4F7556}") = "ApiLocal", "ApiLocal.csproj", "{BD47BE76-A7E5-438F-8FC2-2BCE594351DA}"
EndProject
Global
	GlobalSection(SolutionConfigurationPlatforms) = preSolution
		Debug|Any CPU = Debug|Any CPU
		Release|Any CPU = Release|Any CPU
	EndGlobalSection
	GlobalSection(ProjectConfigurationPlatforms) = postSolution
		{BD47BE76-A7E5-438F-8FC2-2BCE594351DA}.Debug|Any CPU.ActiveCfg = Debug|Any CPU
		{BD47BE76-A7E5-438F-8FC2-2BCE594351DA}.Debug|Any CPU.Build.0 = Debug|Any CPU
		{BD47BE76-A7E5-438F-8FC2-2BCE594351DA}.Release|Any CPU.ActiveCfg = Release|Any CPU
		{BD47BE76-A7E5-438F-8FC2-2BCE594351DA}.Release|Any CPU.Build.0 = Release|Any CPU
	EndGlobalSection
	GlobalSection(SolutionProperties) = preSolution
		HideSolutionNode = FALSE
	EndGlobalSection
	GlobalSection(ExtensibilityGlobals) = postSolution
		SolutionGuid = {DC1A82CD-4FDA-4253-9771-F0390DA6944A}
	EndGlobalSection
EndGlobal
